
Microsoft Visual Studio Solution File, Format Version 12.00
# Visual Studio Version 17
VisualStudioVersion = 17.13.35931.197 d17.13
MinimumVisualStudioVersion = 10.0.40219.1
Project("{FAE04EC0-301F-11D3-BF4B-00C04F79EFBC}") = "Libris", "Libris.csproj", "{F1C4A729-E3BD-4C49-999A-C85A521FFDC2}"
EndProject
Global
	GlobalSection(SolutionConfigurationPlatforms) = preSolution
		Debug|Any CPU = Debug|Any CPU
		Release|Any CPU = Release|Any CPU
	EndGlobalSection
	GlobalSection(ProjectConfigurationPlatforms) = postSolution
		{F1C4A729-E3BD-4C49-999A-C85A521FFDC2}.Debug|Any CPU.ActiveCfg = Debug|Any CPU
		{F1C4A729-E3BD-4C49-999A-C85A521FFDC2}.Debug|Any CPU.Build.0 = Debug|Any CPU
		{F1C4A729-E3BD-4C49-999A-C85A521FFDC2}.Release|Any CPU.ActiveCfg = Release|Any CPU
		{F1C4A729-E3BD-4C49-999A-C85A521FFDC2}.Release|Any CPU.Build.0 = Release|Any CPU
	EndGlobalSection
	GlobalSection(SolutionProperties) = preSolution
		HideSolutionNode = FALSE
	EndGlobalSection
	GlobalSection(ExtensibilityGlobals) = postSolution
		SolutionGuid = {4141C8B4-D1BA-495F-86C9-1E1049E701FD}
	EndGlobalSection
EndGlobal
